
Microsoft Visual Studio Solution File, Format Version 12.00
# Visual Studio Version 17
VisualStudioVersion = 17.14.36623.8
MinimumVisualStudioVersion = 10.0.40219.1
Project("{FAE04EC0-301F-11D3-BF4B-00C04F79EFBC}") = "Loop", "ConsoleApp5\Loop.csproj", "{83E7056A-E943-484B-B514-BE0B0E4807D8}"
EndProject
Global
	GlobalSection(SolutionConfigurationPlatforms) = preSolution
		Debug|Any CPU = Debug|Any CPU
		Release|Any CPU = Release|Any CPU
	EndGlobalSection
	GlobalSection(ProjectConfigurationPlatforms) = postSolution
		{83E7056A-E943-484B-B514-BE0B0E4807D8}.Debug|Any CPU.ActiveCfg = Debug|Any CPU
		{83E7056A-E943-484B-B514-BE0B0E4807D8}.Debug|Any CPU.Build.0 = Debug|Any CPU
		{83E7056A-E943-484B-B514-BE0B0E4807D8}.Release|Any CPU.ActiveCfg = Release|Any CPU
		{83E7056A-E943-484B-B514-BE0B0E4807D8}.Release|Any CPU.Build.0 = Release|Any CPU
	EndGlobalSection
	GlobalSection(SolutionProperties) = preSolution
		HideSolutionNode = FALSE
	EndGlobalSection
	GlobalSection(ExtensibilityGlobals) = postSolution
		SolutionGuid = {BCF1CF06-CAC5-4905-8E13-562BDA127BEB}
	EndGlobalSection
EndGlobal
